// !$*UTF8*$!
{
	archiveVersion = 1;
	classes = {
	};
	objectVersion = 46;
	objects = {

/* Begin PBXBuildFile section */
		433860391DF57BAF005C6745 /* AppDelegate.swift in Sources */ = {isa = PBXBuildFile; fileRef = 433860381DF57BAF005C6745 /* AppDelegate.swift */; };
		4338603B1DF57BAF005C6745 /* ViewController.swift in Sources */ = {isa = PBXBuildFile; fileRef = 4338603A1DF57BAF005C6745 /* ViewController.swift */; };
		4338603E1DF57BAF005C6745 /* Main.storyboard in Resources */ = {isa = PBXBuildFile; fileRef = 4338603C1DF57BAF005C6745 /* Main.storyboard */; };
		433860401DF57BAF005C6745 /* Assets.xcassets in Resources */ = {isa = PBXBuildFile; fileRef = 4338603F1DF57BAF005C6745 /* Assets.xcassets */; };
		433860431DF57BAF005C6745 /* LaunchScreen.storyboard in Resources */ = {isa = PBXBuildFile; fileRef = 433860411DF57BAF005C6745 /* LaunchScreen.storyboard */; };
		4338605E1DF75819005C6745 /* MainViewController.swift in Sources */ = {isa = PBXBuildFile; fileRef = 4338605D1DF75819005C6745 /* MainViewController.swift */; };
		433860B81DFAC61A005C6745 /* ViewController2.swift in Sources */ = {isa = PBXBuildFile; fileRef = 433860B71DFAC61A005C6745 /* ViewController2.swift */; };
		433860BA1DFAC787005C6745 /* FunctionalProgrammingSwift.swift in Sources */ = {isa = PBXBuildFile; fileRef = 433860B91DFAC787005C6745 /* FunctionalProgrammingSwift.swift */; };
/* End PBXBuildFile section */

/* Begin PBXFileReference section */
		433860351DF57BAF005C6745 /* appLayoutMP3ZING.app */ = {isa = PBXFileReference; explicitFileType = wrapper.application; includeInIndex = 0; path = appLayoutMP3ZING.app; sourceTree = BUILT_PRODUCTS_DIR; };
		433860381DF57BAF005C6745 /* AppDelegate.swift */ = {isa = PBXFileReference; lastKnownFileType = sourcecode.swift; path = AppDelegate.swift; sourceTree = "<group>"; };
		4338603A1DF57BAF005C6745 /* ViewController.swift */ = {isa = PBXFileReference; lastKnownFileType = sourcecode.swift; path = ViewController.swift; sourceTree = "<group>"; };
		4338603D1DF57BAF005C6745 /* Base */ = {isa = PBXFileReference; lastKnownFileType = file.storyboard; name = Base; path = Base.lproj/Main.storyboard; sourceTree = "<group>"; };
		4338603F1DF57BAF005C6745 /* Assets.xcassets */ = {isa = PBXFileReference; lastKnownFileType = folder.assetcatalog; path = Assets.xcassets; sourceTree = "<group>"; };
		433860421DF57BAF005C6745 /* Base */ = {isa = PBXFileReference; lastKnownFileType = file.storyboard; name = Base; path = Base.lproj/LaunchScreen.storyboard; sourceTree = "<group>"; };
		433860441DF57BAF005C6745 /* Info.plist */ = {isa = PBXFileReference; lastKnownFileType = text.plist.xml; path = Info.plist; sourceTree = "<group>"; };
		4338605D1DF75819005C6745 /* MainViewController.swift */ = {isa = PBXFileReference; fileEncoding = 4; lastKnownFileType = sourcecode.swift; path = MainViewController.swift; sourceTree = "<group>"; };
		433860B71DFAC61A005C6745 /* ViewController2.swift */ = {isa = PBXFileReference; fileEncoding = 4; lastKnownFileType = sourcecode.swift; path = ViewController2.swift; sourceTree = "<group>"; };
		433860B91DFAC787005C6745 /* FunctionalProgrammingSwift.swift */ = {isa = PBXFileReference; fileEncoding = 4; lastKnownFileType = sourcecode.swift; path = FunctionalProgrammingSwift.swift; sourceTree = "<group>"; };
/* End PBXFileReference section */

/* Begin PBXFrameworksBuildPhase section */
		433860321DF57BAE005C6745 /* Frameworks */ = {
			isa = PBXFrameworksBuildPhase;
			buildActionMask = 2147483647;
			files = (
			);
			runOnlyForDeploymentPostprocessing = 0;
		};
/* End PBXFrameworksBuildPhase section */

/* Begin PBXGroup section */
		4338602C1DF57BAE005C6745 = {
			isa = PBXGroup;
			children = (
				433860371DF57BAF005C6745 /* appLayoutMP3ZING */,
				433860361DF57BAF005C6745 /* Products */,
			);
			sourceTree = "<group>";
		};
		433860361DF57BAF005C6745 /* Products */ = {
			isa = PBXGroup;
			children = (
				433860351DF57BAF005C6745 /* appLayoutMP3ZING.app */,
			);
			name = Products;
			sourceTree = "<group>";
		};
		433860371DF57BAF005C6745 /* appLayoutMP3ZING */ = {
			isa = PBXGroup;
			children = (
				433860381DF57BAF005C6745 /* AppDelegate.swift */,
				4338603A1DF57BAF005C6745 /* ViewController.swift */,
				4338605D1DF75819005C6745 /* MainViewController.swift */,
				433860B71DFAC61A005C6745 /* ViewController2.swift */,
				433860B91DFAC787005C6745 /* FunctionalProgrammingSwift.swift */,
				4338603C1DF57BAF005C6745 /* Main.storyboard */,
				4338603F1DF57BAF005C6745 /* Assets.xcassets */,
				433860411DF57BAF005C6745 /* LaunchScreen.storyboard */,
				433860441DF57BAF005C6745 /* Info.plist */,
			);
			path = appLayoutMP3ZING;
			sourceTree = "<group>";
		};
/* End PBXGroup section */

/* Begin PBXNativeTarget section */
		433860341DF57BAE005C6745 /* appLayoutMP3ZING */ = {
			isa = PBXNativeTarget;
			buildConfigurationList = 433860471DF57BAF005C6745 /* Build configuration list for PBXNativeTarget "appLayoutMP3ZING" */;
			buildPhases = (
				433860311DF57BAE005C6745 /* Sources */,
				433860321DF57BAE005C6745 /* Frameworks */,
				433860331DF57BAE005C6745 /* Resources */,
			);
			buildRules = (
			);
			dependencies = (
			);
			name = appLayoutMP3ZING;
			productName = appLayoutMP3ZING;
			productReference = 433860351DF57BAF005C6745 /* appLayoutMP3ZING.app */;
			productType = "com.apple.product-type.application";
		};
/* End PBXNativeTarget section */

/* Begin PBXProject section */
		4338602D1DF57BAE005C6745 /* Project object */ = {
			isa = PBXProject;
			attributes = {
				LastSwiftUpdateCheck = 0810;
				LastUpgradeCheck = 0810;
				ORGANIZATIONNAME = "Tai Duong";
				TargetAttributes = {
					433860341DF57BAE005C6745 = {
						CreatedOnToolsVersion = 8.1;
						ProvisioningStyle = Automatic;
					};
				};
			};
			buildConfigurationList = 433860301DF57BAE005C6745 /* Build configuration list for PBXProject "appLayoutMP3ZING" */;
			compatibilityVersion = "Xcode 3.2";
			developmentRegion = English;
			hasScannedForEncodings = 0;
			knownRegions = (
				en,
				Base,
			);
			mainGroup = 4338602C1DF57BAE005C6745;
			productRefGroup = 433860361DF57BAF005C6745 /* Products */;
			projectDirPath = "";
			projectRoot = "";
			targets = (
				433860341DF57BAE005C6745 /* appLayoutMP3ZING */,
			);
		};
/* End PBXProject section */

/* Begin PBXResourcesBuildPhase section */
		433860331DF57BAE005C6745 /* Resources */ = {
			isa = PBXResourcesBuildPhase;
			buildActionMask = 2147483647;
			files = (
				433860431DF57BAF005C6745 /* LaunchScreen.storyboard in Resources */,
				433860401DF57BAF005C6745 /* Assets.xcassets in Resources */,
				4338603E1DF57BAF005C6745 /* Main.storyboard in Resources */,
			);
			runOnlyForDeploymentPostprocessing = 0;
		};
/* End PBXResourcesBuildPhase section */

/* Begin PBXSourcesBuildPhase section */
		433860311DF57BAE005C6745 /* Sources */ = {
			isa = PBXSourcesBuildPhase;
			buildActionMask = 2147483647;
			files = (
				4338605E1DF75819005C6745 /* MainViewController.swift in Sources */,
				433860B81DFAC61A005C6745 /* ViewController2.swift in Sources */,
				4338603B1DF57BAF005C6745 /* ViewController.swift in Sources */,
				433860BA1DFAC787005C6745 /* FunctionalProgrammingSwift.swift in Sources */,
				433860391DF57BAF005C6745 /* AppDelegate.swift in Sources */,
			);
			runOnlyForDeploymentPostprocessing = 0;
		};
/* End PBXSourcesBuildPhase section */

/* Begin PBXVariantGroup section */
		4338603C1DF57BAF005C6745 /* Main.storyboard */ = {
			isa = PBXVariantGroup;
			children = (
				4338603D1DF57BAF005C6745 /* Base */,
			);
			name = Main.storyboard;
			sourceTree = "<group>";
		};
		433860411DF57BAF005C6745 /* LaunchScreen.storyboard */ = {
			isa = PBXVariantGroup;
			children = (
				433860421DF57BAF005C6745 /* Base */,
			);
			name = LaunchScreen.storyboard;
			sourceTree = "<group>";
		};
/* End PBXVariantGroup section */

/* Begin XCBuildConfiguration section */
		433860451DF57BAF005C6745 /* Debug */ = {
			isa = XCBuildConfiguration;
			buildSettings = {
				ALWAYS_SEARCH_USER_PATHS = NO;
				CLANG_ANALYZER_NONNULL = YES;
				CLANG_CXX_LANGUAGE_STANDARD = "gnu++0x";
				CLANG_CXX_LIBRARY = "libc++";
				CLANG_ENABLE_MODULES = YES;
				CLANG_ENABLE_OBJC_ARC = YES;
				CLANG_WARN_BOOL_CONVERSION = YES;
				CLANG_WARN_CONSTANT_CONVERSION = YES;
				CLANG_WARN_DIRECT_OBJC_ISA_USAGE = YES_ERROR;
				CLANG_WARN_DOCUMENTATION_COMMENTS = YES;
				CLANG_WARN_EMPTY_BODY = YES;
				CLANG_WARN_ENUM_CONVERSION = YES;
				CLANG_WARN_INFINITE_RECURSION = YES;
				CLANG_WARN_INT_CONVERSION = YES;
				CLANG_WARN_OBJC_ROOT_CLASS = YES_ERROR;
				CLANG_WARN_SUSPICIOUS_MOVES = YES;
				CLANG_WARN_UNREACHABLE_CODE = YES;
				CLANG_WARN__DUPLICATE_METHOD_MATCH = YES;
				"CODE_SIGN_IDENTITY[sdk=iphoneos*]" = "iPhone Developer";
				COPY_PHASE_STRIP = NO;
				DEBUG_INFORMATION_FORMAT = dwarf;
				ENABLE_STRICT_OBJC_MSGSEND = YES;
				ENABLE_TESTABILITY = YES;
				GCC_C_LANGUAGE_STANDARD = gnu99;
				GCC_DYNAMIC_NO_PIC = NO;
				GCC_NO_COMMON_BLOCKS = YES;
				GCC_OPTIMIZATION_LEVEL = 0;
				GCC_PREPROCESSOR_DEFINITIONS = (
					"DEBUG=1",
					"$(inherited)",
				);
				GCC_WARN_64_TO_32_BIT_CONVERSION = YES;
				GCC_WARN_ABOUT_RETURN_TYPE = YES_ERROR;
				GCC_WARN_UNDECLARED_SELECTOR = YES;
				GCC_WARN_UNINITIALIZED_AUTOS = YES_AGGRESSIVE;
				GCC_WARN_UNUSED_FUNCTION = YES;
				GCC_WARN_UNUSED_VARIABLE = YES;
				IPHONEOS_DEPLOYMENT_TARGET = 10.1;
				MTL_ENABLE_DEBUG_INFO = YES;
				ONLY_ACTIVE_ARCH = YES;
				SDKROOT = iphoneos;
				SWIFT_ACTIVE_COMPILATION_CONDITIONS = DEBUG;
				SWIFT_OPTIMIZATION_LEVEL = "-Onone";
				TARGETED_DEVICE_FAMILY = "1,2";
			};
			name = Debug;
		};
		433860461DF57BAF005C6745 /* Release */ = {
			isa = XCBuildConfiguration;
			buildSettings = {
				ALWAYS_SEARCH_USER_PATHS = NO;
				CLANG_ANALYZER_NONNULL = YES;
				CLANG_CXX_LANGUAGE_STANDARD = "gnu++0x";
				CLANG_CXX_LIBRARY = "libc++";
				CLANG_ENABLE_MODULES = YES;
				CLANG_ENABLE_OBJC_ARC = YES;
				CLANG_WARN_BOOL_CONVERSION = YES;
				CLANG_WARN_CONSTANT_CONVERSION = YES;
				CLANG_WARN_DIRECT_OBJC_ISA_USAGE = YES_ERROR;
				CLANG_WARN_DOCUMENTATION_COMMENTS = YES;
				CLANG_WARN_EMPTY_BODY = YES;
				CLANG_WARN_ENUM_CONVERSION = YES;
				CLANG_WARN_INFINITE_RECURSION = YES;
				CLANG_WARN_INT_CONVERSION = YES;
				CLANG_WARN_OBJC_ROOT_CLASS = YES_ERROR;
				CLANG_WARN_SUSPICIOUS_MOVES = YES;
				CLANG_WARN_UNREACHABLE_CODE = YES;
				CLANG_WARN__DUPLICATE_METHOD_MATCH = YES;
				"CODE_SIGN_IDENTITY[sdk=iphoneos*]" = "iPhone Developer";
				COPY_PHASE_STRIP = NO;
				DEBUG_INFORMATION_FORMAT = "dwarf-with-dsym";
				ENABLE_NS_ASSERTIONS = NO;
				ENABLE_STRICT_OBJC_MSGSEND = YES;
				GCC_C_LANGUAGE_STANDARD = gnu99;
				GCC_NO_COMMON_BLOCKS = YES;
				GCC_WARN_64_TO_32_BIT_CONVERSION = YES;
				GCC_WARN_ABOUT_RETURN_TYPE = YES_ERROR;
				GCC_WARN_UNDECLARED_SELECTOR = YES;
				GCC_WARN_UNINITIALIZED_AUTOS = YES_AGGRESSIVE;
				GCC_WARN_UNUSED_FUNCTION = YES;
				GCC_WARN_UNUSED_VARIABLE = YES;
				IPHONEOS_DEPLOYMENT_TARGET = 10.1;
				MTL_ENABLE_DEBUG_INFO = NO;
				SDKROOT = iphoneos;
				SWIFT_OPTIMIZATION_LEVEL = "-Owholemodule";
				TARGETED_DEVICE_FAMILY = "1,2";
				VALIDATE_PRODUCT = YES;
			};
			name = Release;
		};
		433860481DF57BAF005C6745 /* Debug */ = {
			isa = XCBuildConfiguration;
			buildSettings = {
				ASSETCATALOG_COMPILER_APPICON_NAME = AppIcon;
				INFOPLIST_FILE = appLayoutMP3ZING/Info.plist;
				IPHONEOS_DEPLOYMENT_TARGET = 9.3;
				LD_RUNPATH_SEARCH_PATHS = "$(inherited) @executable_path/Frameworks";
				PRODUCT_BUNDLE_IDENTIFIER = com.imbaggaarm.appLayoutMP3ZING;
				PRODUCT_NAME = "$(TARGET_NAME)";
				SWIFT_VERSION = 3.0;
			};
			name = Debug;
		};
		433860491DF57BAF005C6745 /* Release */ = {
			isa = XCBuildConfiguration;
			buildSettings = {
				ASSETCATALOG_COMPILER_APPICON_NAME = AppIcon;
				INFOPLIST_FILE = appLayoutMP3ZING/Info.plist;
				IPHONEOS_DEPLOYMENT_TARGET = 9.3;
				LD_RUNPATH_SEARCH_PATHS = "$(inherited) @executable_path/Frameworks";
				PRODUCT_BUNDLE_IDENTIFIER = com.imbaggaarm.appLayoutMP3ZING;
				PRODUCT_NAME = "$(TARGET_NAME)";
				SWIFT_VERSION = 3.0;
			};
			name = Release;
		};
/* End XCBuildConfiguration section */

/* Begin XCConfigurationList section */
		433860301DF57BAE005C6745 /* Build configuration list for PBXProject "appLayoutMP3ZING" */ = {
			isa = XCConfigurationList;
			buildConfigurations = (
				433860451DF57BAF005C6745 /* Debug */,
				433860461DF57BAF005C6745 /* Release */,
			);
			defaultConfigurationIsVisible = 0;
			defaultConfigurationName = Release;
		};
		433860471DF57BAF005C6745 /* Build configuration list for PBXNativeTarget "appLayoutMP3ZING" */ = {
			isa = XCConfigurationList;
			buildConfigurations = (
				433860481DF57BAF005C6745 /* Debug */,
				433860491DF57BAF005C6745 /* Release */,
			);
			defaultConfigurationIsVisible = 0;
			defaultConfigurationName = Release;
		};
/* End XCConfigurationList section */
	};
	rootObject = 4338602D1DF57BAE005C6745 /* Project object */;
}
